
Microsoft Visual Studio Solution File, Format Version 12.00
# Visual Studio Version 17
VisualStudioVersion = 17.3.32929.385
MinimumVisualStudioVersion = 10.0.40219.1
Project("{FAE04EC0-301F-11D3-BF4B-00C04F79EFBC}") = "lab1(var2)", "lab1(var2)\lab1(var2).csproj", "{3680A286-2B0B-446D-86D5-734B16C24680}"
EndProject
Global
	GlobalSection(SolutionConfigurationPlatforms) = preSolution
		Debug|Any CPU = Debug|Any CPU
		Release|Any CPU = Release|Any CPU
	EndGlobalSection
	GlobalSection(ProjectConfigurationPlatforms) = postSolution
		{3680A286-2B0B-446D-86D5-734B16C24680}.Debug|Any CPU.ActiveCfg = Debug|Any CPU
		{3680A286-2B0B-446D-86D5-734B16C24680}.Debug|Any CPU.Build.0 = Debug|Any CPU
		{3680A286-2B0B-446D-86D5-734B16C24680}.Release|Any CPU.ActiveCfg = Release|Any CPU
		{3680A286-2B0B-446D-86D5-734B16C24680}.Release|Any CPU.Build.0 = Release|Any CPU
	EndGlobalSection
	GlobalSection(SolutionProperties) = preSolution
		HideSolutionNode = FALSE
	EndGlobalSection
	GlobalSection(ExtensibilityGlobals) = postSolution
		SolutionGuid = {8D538EB4-2C22-4824-8670-3DC25D1A7B1A}
	EndGlobalSection
EndGlobal
